
Microsoft Visual Studio Solution File, Format Version 12.00
# Visual Studio Version 17
VisualStudioVersion = 17.12.35527.113
MinimumVisualStudioVersion = 10.0.40219.1
Project("{FAE04EC0-301F-11D3-BF4B-00C04F79EFBC}") = "Crispy.Web", "Crispy.Web\Crispy.Web.csproj", "{87D6335B-DABF-4DD7-BCFF-E8FECB42E4DE}"
EndProject
Project("{FAE04EC0-301F-11D3-BF4B-00C04F79EFBC}") = "Crispy.Core", "Crispy.Core\Crispy.Core.csproj", "{032479E0-B0FD-41CE-9BAA-2B8A0FBE2564}"
EndProject
Project("{FAE04EC0-301F-11D3-BF4B-00C04F79EFBC}") = "Crispy.Infrastructure", "Crispy.Infrastructure\Crispy.Infrastructure.csproj", "{26C12365-EFE7-4969-85F1-2DB51DD0BDDE}"
EndProject
Project("{FAE04EC0-301F-11D3-BF4B-00C04F79EFBC}") = "Crispy.Application", "Crispy.Application\Crispy.Application.csproj", "{9B383773-16A9-444F-BC72-74E59C97B16E}"
EndProject
Project("{FAE04EC0-301F-11D3-BF4B-00C04F79EFBC}") = "Crispy.Tests", "Crispy.Tests\Crispy.Tests.csproj", "{696B470D-CB59-4448-91BE-7E8CC1EE156C}"
EndProject
Global
	GlobalSection(SolutionConfigurationPlatforms) = preSolution
		Debug|Any CPU = Debug|Any CPU
		Release|Any CPU = Release|Any CPU
	EndGlobalSection
	GlobalSection(ProjectConfigurationPlatforms) = postSolution
		{87D6335B-DABF-4DD7-BCFF-E8FECB42E4DE}.Debug|Any CPU.ActiveCfg = Debug|Any CPU
		{87D6335B-DABF-4DD7-BCFF-E8FECB42E4DE}.Debug|Any CPU.Build.0 = Debug|Any CPU
		{87D6335B-DABF-4DD7-BCFF-E8FECB42E4DE}.Release|Any CPU.ActiveCfg = Release|Any CPU
		{87D6335B-DABF-4DD7-BCFF-E8FECB42E4DE}.Release|Any CPU.Build.0 = Release|Any CPU
		{032479E0-B0FD-41CE-9BAA-2B8A0FBE2564}.Debug|Any CPU.ActiveCfg = Debug|Any CPU
		{032479E0-B0FD-41CE-9BAA-2B8A0FBE2564}.Debug|Any CPU.Build.0 = Debug|Any CPU
		{032479E0-B0FD-41CE-9BAA-2B8A0FBE2564}.Release|Any CPU.ActiveCfg = Release|Any CPU
		{032479E0-B0FD-41CE-9BAA-2B8A0FBE2564}.Release|Any CPU.Build.0 = Release|Any CPU
		{26C12365-EFE7-4969-85F1-2DB51DD0BDDE}.Debug|Any CPU.ActiveCfg = Debug|Any CPU
		{26C12365-EFE7-4969-85F1-2DB51DD0BDDE}.Debug|Any CPU.Build.0 = Debug|Any CPU
		{26C12365-EFE7-4969-85F1-2DB51DD0BDDE}.Release|Any CPU.ActiveCfg = Release|Any CPU
		{26C12365-EFE7-4969-85F1-2DB51DD0BDDE}.Release|Any CPU.Build.0 = Release|Any CPU
		{9B383773-16A9-444F-BC72-74E59C97B16E}.Debug|Any CPU.ActiveCfg = Debug|Any CPU
		{9B383773-16A9-444F-BC72-74E59C97B16E}.Debug|Any CPU.Build.0 = Debug|Any CPU
		{9B383773-16A9-444F-BC72-74E59C97B16E}.Release|Any CPU.ActiveCfg = Release|Any CPU
		{9B383773-16A9-444F-BC72-74E59C97B16E}.Release|Any CPU.Build.0 = Release|Any CPU
		{696B470D-CB59-4448-91BE-7E8CC1EE156C}.Debug|Any CPU.ActiveCfg = Debug|Any CPU
		{696B470D-CB59-4448-91BE-7E8CC1EE156C}.Debug|Any CPU.Build.0 = Debug|Any CPU
		{696B470D-CB59-4448-91BE-7E8CC1EE156C}.Release|Any CPU.ActiveCfg = Release|Any CPU
		{696B470D-CB59-4448-91BE-7E8CC1EE156C}.Release|Any CPU.Build.0 = Release|Any CPU
	EndGlobalSection
	GlobalSection(SolutionProperties) = preSolution
		HideSolutionNode = FALSE
	EndGlobalSection
EndGlobal
